
Microsoft Visual Studio Solution File, Format Version 12.00
# Visual Studio 15
Project("{FAE04EC0-301F-11D3-BF4B-00C04F79EFBC}") = "AssembliesAndNamespaces", "AssembliesAndNamespaces\AssembliesAndNamespaces.csproj", "{A3FD1517-4B6C-4E9C-ACDF-9888DEDFCD39}"
EndProject
Global
	GlobalSection(SolutionConfigurationPlatforms) = preSolution
		Debug|Any CPU = Debug|Any CPU
		Release|Any CPU = Release|Any CPU
	EndGlobalSection
	GlobalSection(ProjectConfigurationPlatforms) = postSolution
		{A3FD1517-4B6C-4E9C-ACDF-9888DEDFCD39}.Debug|Any CPU.ActiveCfg = Debug|Any CPU
		{A3FD1517-4B6C-4E9C-ACDF-9888DEDFCD39}.Debug|Any CPU.Build.0 = Debug|Any CPU
		{A3FD1517-4B6C-4E9C-ACDF-9888DEDFCD39}.Release|Any CPU.ActiveCfg = Release|Any CPU
		{A3FD1517-4B6C-4E9C-ACDF-9888DEDFCD39}.Release|Any CPU.Build.0 = Release|Any CPU
	EndGlobalSection
EndGlobal
