
Microsoft Visual Studio Solution File, Format Version 12.00
# Visual Studio 15
VisualStudioVersion = 15.0.26124.0
MinimumVisualStudioVersion = 15.0.26124.0
Project("{2150E333-8FDC-42A3-9474-1A3956D46DE8}") = "src", "src", "{754AB9DA-9D20-43B4-A859-251B2AA49371}"
EndProject
Project("{FAE04EC0-301F-11D3-BF4B-00C04F79EFBC}") = "GradeBook", "src\GradeBook\GradeBook.csproj", "{ABBB2E71-9514-48AF-A1C5-E8AF5EE3F80E}"
EndProject
Project("{2150E333-8FDC-42A3-9474-1A3956D46DE8}") = "test", "test", "{1917762F-6F4C-40BD-8533-18120E8673D4}"
EndProject
Project("{FAE04EC0-301F-11D3-BF4B-00C04F79EFBC}") = "GradeBook.Tests", "test\GradeBook.Tests\GradeBook.Tests.csproj", "{FC1D3E58-BCEB-4B0B-AC33-9B6BDB7E4EB0}"
EndProject
Global
	GlobalSection(SolutionConfigurationPlatforms) = preSolution
		Debug|Any CPU = Debug|Any CPU
		Debug|x64 = Debug|x64
		Debug|x86 = Debug|x86
		Release|Any CPU = Release|Any CPU
		Release|x64 = Release|x64
		Release|x86 = Release|x86
	EndGlobalSection
	GlobalSection(SolutionProperties) = preSolution
		HideSolutionNode = FALSE
	EndGlobalSection
	GlobalSection(ProjectConfigurationPlatforms) = postSolution
		{ABBB2E71-9514-48AF-A1C5-E8AF5EE3F80E}.Debug|Any CPU.ActiveCfg = Debug|Any CPU
		{ABBB2E71-9514-48AF-A1C5-E8AF5EE3F80E}.Debug|Any CPU.Build.0 = Debug|Any CPU
		{ABBB2E71-9514-48AF-A1C5-E8AF5EE3F80E}.Debug|x64.ActiveCfg = Debug|Any CPU
		{ABBB2E71-9514-48AF-A1C5-E8AF5EE3F80E}.Debug|x64.Build.0 = Debug|Any CPU
		{ABBB2E71-9514-48AF-A1C5-E8AF5EE3F80E}.Debug|x86.ActiveCfg = Debug|Any CPU
		{ABBB2E71-9514-48AF-A1C5-E8AF5EE3F80E}.Debug|x86.Build.0 = Debug|Any CPU
		{ABBB2E71-9514-48AF-A1C5-E8AF5EE3F80E}.Release|Any CPU.ActiveCfg = Release|Any CPU
		{ABBB2E71-9514-48AF-A1C5-E8AF5EE3F80E}.Release|Any CPU.Build.0 = Release|Any CPU
		{ABBB2E71-9514-48AF-A1C5-E8AF5EE3F80E}.Release|x64.ActiveCfg = Release|Any CPU
		{ABBB2E71-9514-48AF-A1C5-E8AF5EE3F80E}.Release|x64.Build.0 = Release|Any CPU
		{ABBB2E71-9514-48AF-A1C5-E8AF5EE3F80E}.Release|x86.ActiveCfg = Release|Any CPU
		{ABBB2E71-9514-48AF-A1C5-E8AF5EE3F80E}.Release|x86.Build.0 = Release|Any CPU
		{FC1D3E58-BCEB-4B0B-AC33-9B6BDB7E4EB0}.Debug|Any CPU.ActiveCfg = Debug|Any CPU
		{FC1D3E58-BCEB-4B0B-AC33-9B6BDB7E4EB0}.Debug|Any CPU.Build.0 = Debug|Any CPU
		{FC1D3E58-BCEB-4B0B-AC33-9B6BDB7E4EB0}.Debug|x64.ActiveCfg = Debug|Any CPU
		{FC1D3E58-BCEB-4B0B-AC33-9B6BDB7E4EB0}.Debug|x64.Build.0 = Debug|Any CPU
		{FC1D3E58-BCEB-4B0B-AC33-9B6BDB7E4EB0}.Debug|x86.ActiveCfg = Debug|Any CPU
		{FC1D3E58-BCEB-4B0B-AC33-9B6BDB7E4EB0}.Debug|x86.Build.0 = Debug|Any CPU
		{FC1D3E58-BCEB-4B0B-AC33-9B6BDB7E4EB0}.Release|Any CPU.ActiveCfg = Release|Any CPU
		{FC1D3E58-BCEB-4B0B-AC33-9B6BDB7E4EB0}.Release|Any CPU.Build.0 = Release|Any CPU
		{FC1D3E58-BCEB-4B0B-AC33-9B6BDB7E4EB0}.Release|x64.ActiveCfg = Release|Any CPU
		{FC1D3E58-BCEB-4B0B-AC33-9B6BDB7E4EB0}.Release|x64.Build.0 = Release|Any CPU
		{FC1D3E58-BCEB-4B0B-AC33-9B6BDB7E4EB0}.Release|x86.ActiveCfg = Release|Any CPU
		{FC1D3E58-BCEB-4B0B-AC33-9B6BDB7E4EB0}.Release|x86.Build.0 = Release|Any CPU
	EndGlobalSection
	GlobalSection(NestedProjects) = preSolution
		{ABBB2E71-9514-48AF-A1C5-E8AF5EE3F80E} = {754AB9DA-9D20-43B4-A859-251B2AA49371}
		{FC1D3E58-BCEB-4B0B-AC33-9B6BDB7E4EB0} = {1917762F-6F4C-40BD-8533-18120E8673D4}
	EndGlobalSection
EndGlobal
