
Microsoft Visual Studio Solution File, Format Version 12.00
# Visual Studio 15
Project("{FAE04EC0-301F-11D3-BF4B-00C04F79EFBC}") = "ForIteration", "ForIteration\ForIteration.csproj", "{F1EE0AC8-A4A9-4963-AD1F-829ACECACCBA}"
EndProject
Global
	GlobalSection(SolutionConfigurationPlatforms) = preSolution
		Debug|Any CPU = Debug|Any CPU
		Release|Any CPU = Release|Any CPU
	EndGlobalSection
	GlobalSection(ProjectConfigurationPlatforms) = postSolution
		{F1EE0AC8-A4A9-4963-AD1F-829ACECACCBA}.Debug|Any CPU.ActiveCfg = Debug|Any CPU
		{F1EE0AC8-A4A9-4963-AD1F-829ACECACCBA}.Debug|Any CPU.Build.0 = Debug|Any CPU
		{F1EE0AC8-A4A9-4963-AD1F-829ACECACCBA}.Release|Any CPU.ActiveCfg = Release|Any CPU
		{F1EE0AC8-A4A9-4963-AD1F-829ACECACCBA}.Release|Any CPU.Build.0 = Release|Any CPU
	EndGlobalSection
EndGlobal
