
Microsoft Visual Studio Solution File, Format Version 12.00
# Visual Studio 15
Project("{FAE04EC0-301F-11D3-BF4B-00C04F79EFBC}") = "ObjectLifetime", "ObjectLifetime\ObjectLifetime.csproj", "{AB7C9BA2-0EF0-41FB-BC17-13F97E2DB74E}"
EndProject
Global
	GlobalSection(SolutionConfigurationPlatforms) = preSolution
		Debug|Any CPU = Debug|Any CPU
		Release|Any CPU = Release|Any CPU
	EndGlobalSection
	GlobalSection(ProjectConfigurationPlatforms) = postSolution
		{AB7C9BA2-0EF0-41FB-BC17-13F97E2DB74E}.Debug|Any CPU.ActiveCfg = Debug|Any CPU
		{AB7C9BA2-0EF0-41FB-BC17-13F97E2DB74E}.Debug|Any CPU.Build.0 = Debug|Any CPU
		{AB7C9BA2-0EF0-41FB-BC17-13F97E2DB74E}.Release|Any CPU.ActiveCfg = Release|Any CPU
		{AB7C9BA2-0EF0-41FB-BC17-13F97E2DB74E}.Release|Any CPU.Build.0 = Release|Any CPU
	EndGlobalSection
EndGlobal
