
Microsoft Visual Studio Solution File, Format Version 12.00
# Visual Studio 15
Project("{FAE04EC0-301F-11D3-BF4B-00C04F79EFBC}") = "ScrapeLibrary", "ScrapeLibrary\ScrapeLibrary.csproj", "{7603893B-29BA-4D0E-86AD-50EF04D326CD}"
EndProject
Project("{FAE04EC0-301F-11D3-BF4B-00C04F79EFBC}") = "ScrapeClient", "ScrapeClient\ScrapeClient.csproj", "{DB528CC2-0839-4709-939B-DEDAB40D0E31}"
EndProject
Global
	GlobalSection(SolutionConfigurationPlatforms) = preSolution
		Debug|Any CPU = Debug|Any CPU
		Release|Any CPU = Release|Any CPU
	EndGlobalSection
	GlobalSection(ProjectConfigurationPlatforms) = postSolution
		{7603893B-29BA-4D0E-86AD-50EF04D326CD}.Debug|Any CPU.ActiveCfg = Debug|Any CPU
		{7603893B-29BA-4D0E-86AD-50EF04D326CD}.Debug|Any CPU.Build.0 = Debug|Any CPU
		{7603893B-29BA-4D0E-86AD-50EF04D326CD}.Release|Any CPU.ActiveCfg = Release|Any CPU
		{7603893B-29BA-4D0E-86AD-50EF04D326CD}.Release|Any CPU.Build.0 = Release|Any CPU
		{DB528CC2-0839-4709-939B-DEDAB40D0E31}.Debug|Any CPU.ActiveCfg = Debug|Any CPU
		{DB528CC2-0839-4709-939B-DEDAB40D0E31}.Debug|Any CPU.Build.0 = Debug|Any CPU
		{DB528CC2-0839-4709-939B-DEDAB40D0E31}.Release|Any CPU.ActiveCfg = Release|Any CPU
		{DB528CC2-0839-4709-939B-DEDAB40D0E31}.Release|Any CPU.Build.0 = Release|Any CPU
	EndGlobalSection
EndGlobal
