
Microsoft Visual Studio Solution File, Format Version 12.00
# Visual Studio 15
Project("{FAE04EC0-301F-11D3-BF4B-00C04F79EFBC}") = "TopTenPopulation", "TopTenPopulation\TopTenPopulation.csproj", "{95C3F54A-68FE-422A-B2E6-921F80B36527}"
EndProject
Global
	GlobalSection(SolutionConfigurationPlatforms) = preSolution
		Debug|Any CPU = Debug|Any CPU
		Release|Any CPU = Release|Any CPU
	EndGlobalSection
	GlobalSection(ProjectConfigurationPlatforms) = postSolution
		{95C3F54A-68FE-422A-B2E6-921F80B36527}.Debug|Any CPU.ActiveCfg = Debug|Any CPU
		{95C3F54A-68FE-422A-B2E6-921F80B36527}.Debug|Any CPU.Build.0 = Debug|Any CPU
		{95C3F54A-68FE-422A-B2E6-921F80B36527}.Release|Any CPU.ActiveCfg = Release|Any CPU
		{95C3F54A-68FE-422A-B2E6-921F80B36527}.Release|Any CPU.Build.0 = Release|Any CPU
	EndGlobalSection
EndGlobal
